// !$*UTF8*$!
{
	archiveVersion = 1;
	classes = {
	};
	objectVersion = 46;
	objects = {

/* Begin PBXBuildFile section */
		6623FCEF1A6959E7009FBB8E /* main.m in Sources */ = {isa = PBXBuildFile; fileRef = 6623FCEE1A6959E7009FBB8E /* main.m */; };
		6623FCF21A6959E7009FBB8E /* AppDelegate.m in Sources */ = {isa = PBXBuildFile; fileRef = 6623FCF11A6959E7009FBB8E /* AppDelegate.m */; };
		6623FCF51A6959E7009FBB8E /* CDMainViewController.m in Sources */ = {isa = PBXBuildFile; fileRef = 6623FCF41A6959E7009FBB8E /* CDMainViewController.m */; };
		6623FCF81A6959E7009FBB8E /* Main.storyboard in Resources */ = {isa = PBXBuildFile; fileRef = 6623FCF61A6959E7009FBB8E /* Main.storyboard */; };
		6623FCFA1A6959E7009FBB8E /* Images.xcassets in Resources */ = {isa = PBXBuildFile; fileRef = 6623FCF91A6959E7009FBB8E /* Images.xcassets */; };
		6623FD091A6959E8009FBB8E /* clouddoctorappTests.m in Sources */ = {isa = PBXBuildFile; fileRef = 6623FD081A6959E8009FBB8E /* clouddoctorappTests.m */; };
		66EDE73B1A69F8C0001519FF /* CoreBluetooth.framework in Frameworks */ = {isa = PBXBuildFile; fileRef = 66EDE73A1A69F8C0001519FF /* CoreBluetooth.framework */; };
		66EDE73D1A69F8C5001519FF /* QuartzCore.framework in Frameworks */ = {isa = PBXBuildFile; fileRef = 66EDE73C1A69F8C5001519FF /* QuartzCore.framework */; };
		66EDE7411A6A2988001519FF /* CoreGraphics.framework in Frameworks */ = {isa = PBXBuildFile; fileRef = 66EDE7401A6A2988001519FF /* CoreGraphics.framework */; };
		66EDE7431A6A298E001519FF /* Foundation.framework in Frameworks */ = {isa = PBXBuildFile; fileRef = 66EDE7421A6A298E001519FF /* Foundation.framework */; };
		66EDE7451A6A299C001519FF /* UIKit.framework in Frameworks */ = {isa = PBXBuildFile; fileRef = 66EDE7441A6A299C001519FF /* UIKit.framework */; };
		66EDE7481A6A3625001519FF /* CDMainViewController+Animations.m in Sources */ = {isa = PBXBuildFile; fileRef = 66EDE7471A6A3625001519FF /* CDMainViewController+Animations.m */; };
		66EDE74B1A6A36CC001519FF /* SensorOperationController.m in Sources */ = {isa = PBXBuildFile; fileRef = 66EDE74A1A6A36CC001519FF /* SensorOperationController.m */; };
		66EDE7511A6A490A001519FF /* BLE.m in Sources */ = {isa = PBXBuildFile; fileRef = 66EDE7501A6A490A001519FF /* BLE.m */; };
		66EDE7871A6A886D001519FF /* CDDiagnosisViewController.m in Sources */ = {isa = PBXBuildFile; fileRef = 66EDE7861A6A886D001519FF /* CDDiagnosisViewController.m */; };
		66EDE78E1A6AE717001519FF /* Accelerate.framework in Frameworks */ = {isa = PBXBuildFile; fileRef = 66EDE78D1A6AE717001519FF /* Accelerate.framework */; };
		66EDE7901A6AF1B0001519FF /* SpeechKit.framework in Frameworks */ = {isa = PBXBuildFile; fileRef = 66EDE78F1A6AF1B0001519FF /* SpeechKit.framework */; };
		66EDE7921A6AF20F001519FF /* AVFoundation.framework in Frameworks */ = {isa = PBXBuildFile; fileRef = 66EDE7911A6AF20F001519FF /* AVFoundation.framework */; };
		66EDE7961A6B0B1E001519FF /* earcon_cancel.wav in Resources */ = {isa = PBXBuildFile; fileRef = 66EDE7931A6B0B1E001519FF /* earcon_cancel.wav */; };
		66EDE7971A6B0B1E001519FF /* earcon_done_listening.wav in Resources */ = {isa = PBXBuildFile; fileRef = 66EDE7941A6B0B1E001519FF /* earcon_done_listening.wav */; };
		66EDE7981A6B0B1E001519FF /* earcon_listening.wav in Resources */ = {isa = PBXBuildFile; fileRef = 66EDE7951A6B0B1E001519FF /* earcon_listening.wav */; };
		66EDE79B1A6B12CE001519FF /* DeliveryOperationController.m in Sources */ = {isa = PBXBuildFile; fileRef = 66EDE79A1A6B12CE001519FF /* DeliveryOperationController.m */; };
		A227E8B14577ECDB9FAF0E80 /* libPods-clouddoctorapp.a in Frameworks */ = {isa = PBXBuildFile; fileRef = 46A119943669CF35F3E18000 /* libPods-clouddoctorapp.a */; };
/* End PBXBuildFile section */

/* Begin PBXContainerItemProxy section */
		6623FD031A6959E8009FBB8E /* PBXContainerItemProxy */ = {
			isa = PBXContainerItemProxy;
			containerPortal = 6623FCE11A6959E7009FBB8E /* Project object */;
			proxyType = 1;
			remoteGlobalIDString = 6623FCE81A6959E7009FBB8E;
			remoteInfo = clouddoctorapp;
		};
/* End PBXContainerItemProxy section */

/* Begin PBXFileReference section */
		46A119943669CF35F3E18000 /* libPods-clouddoctorapp.a */ = {isa = PBXFileReference; explicitFileType = archive.ar; includeInIndex = 0; path = "libPods-clouddoctorapp.a"; sourceTree = BUILT_PRODUCTS_DIR; };
		6623FCE91A6959E7009FBB8E /* clouddoctorapp.app */ = {isa = PBXFileReference; explicitFileType = wrapper.application; includeInIndex = 0; path = clouddoctorapp.app; sourceTree = BUILT_PRODUCTS_DIR; };
		6623FCED1A6959E7009FBB8E /* Info.plist */ = {isa = PBXFileReference; lastKnownFileType = text.plist.xml; path = Info.plist; sourceTree = "<group>"; };
		6623FCEE1A6959E7009FBB8E /* main.m */ = {isa = PBXFileReference; lastKnownFileType = sourcecode.c.objc; path = main.m; sourceTree = "<group>"; };
		6623FCF01A6959E7009FBB8E /* AppDelegate.h */ = {isa = PBXFileReference; lastKnownFileType = sourcecode.c.h; path = AppDelegate.h; sourceTree = "<group>"; };
		6623FCF11A6959E7009FBB8E /* AppDelegate.m */ = {isa = PBXFileReference; lastKnownFileType = sourcecode.c.objc; path = AppDelegate.m; sourceTree = "<group>"; };
		6623FCF31A6959E7009FBB8E /* CDMainViewController.h */ = {isa = PBXFileReference; lastKnownFileType = sourcecode.c.h; path = CDMainViewController.h; sourceTree = "<group>"; tabWidth = 5; };
		6623FCF41A6959E7009FBB8E /* CDMainViewController.m */ = {isa = PBXFileReference; lastKnownFileType = sourcecode.c.objc; path = CDMainViewController.m; sourceTree = "<group>"; };
		6623FCF71A6959E7009FBB8E /* Base */ = {isa = PBXFileReference; lastKnownFileType = file.storyboard; name = Base; path = Base.lproj/Main.storyboard; sourceTree = "<group>"; };
		6623FCF91A6959E7009FBB8E /* Images.xcassets */ = {isa = PBXFileReference; lastKnownFileType = folder.assetcatalog; path = Images.xcassets; sourceTree = "<group>"; };
		6623FD021A6959E8009FBB8E /* clouddoctorappTests.xctest */ = {isa = PBXFileReference; explicitFileType = wrapper.cfbundle; includeInIndex = 0; path = clouddoctorappTests.xctest; sourceTree = BUILT_PRODUCTS_DIR; };
		6623FD071A6959E8009FBB8E /* Info.plist */ = {isa = PBXFileReference; lastKnownFileType = text.plist.xml; path = Info.plist; sourceTree = "<group>"; };
		6623FD081A6959E8009FBB8E /* clouddoctorappTests.m */ = {isa = PBXFileReference; lastKnownFileType = sourcecode.c.objc; path = clouddoctorappTests.m; sourceTree = "<group>"; };
		66EDE73A1A69F8C0001519FF /* CoreBluetooth.framework */ = {isa = PBXFileReference; lastKnownFileType = wrapper.framework; name = CoreBluetooth.framework; path = System/Library/Frameworks/CoreBluetooth.framework; sourceTree = SDKROOT; };
		66EDE73C1A69F8C5001519FF /* QuartzCore.framework */ = {isa = PBXFileReference; lastKnownFileType = wrapper.framework; name = QuartzCore.framework; path = System/Library/Frameworks/QuartzCore.framework; sourceTree = SDKROOT; };
		66EDE7401A6A2988001519FF /* CoreGraphics.framework */ = {isa = PBXFileReference; lastKnownFileType = wrapper.framework; name = CoreGraphics.framework; path = System/Library/Frameworks/CoreGraphics.framework; sourceTree = SDKROOT; };
		66EDE7421A6A298E001519FF /* Foundation.framework */ = {isa = PBXFileReference; lastKnownFileType = wrapper.framework; name = Foundation.framework; path = System/Library/Frameworks/Foundation.framework; sourceTree = SDKROOT; };
		66EDE7441A6A299C001519FF /* UIKit.framework */ = {isa = PBXFileReference; lastKnownFileType = wrapper.framework; name = UIKit.framework; path = System/Library/Frameworks/UIKit.framework; sourceTree = SDKROOT; };
		66EDE7461A6A3625001519FF /* CDMainViewController+Animations.h */ = {isa = PBXFileReference; fileEncoding = 4; lastKnownFileType = sourcecode.c.h; path = "CDMainViewController+Animations.h"; sourceTree = "<group>"; };
		66EDE7471A6A3625001519FF /* CDMainViewController+Animations.m */ = {isa = PBXFileReference; fileEncoding = 4; lastKnownFileType = sourcecode.c.objc; path = "CDMainViewController+Animations.m"; sourceTree = "<group>"; };
		66EDE7491A6A36CC001519FF /* SensorOperationController.h */ = {isa = PBXFileReference; fileEncoding = 4; lastKnownFileType = sourcecode.c.h; path = SensorOperationController.h; sourceTree = "<group>"; };
		66EDE74A1A6A36CC001519FF /* SensorOperationController.m */ = {isa = PBXFileReference; fileEncoding = 4; lastKnownFileType = sourcecode.c.objc; path = SensorOperationController.m; sourceTree = "<group>"; };
		66EDE74F1A6A490A001519FF /* BLE.h */ = {isa = PBXFileReference; fileEncoding = 4; lastKnownFileType = sourcecode.c.h; path = BLE.h; sourceTree = "<group>"; };
		66EDE7501A6A490A001519FF /* BLE.m */ = {isa = PBXFileReference; fileEncoding = 4; lastKnownFileType = sourcecode.c.objc; path = BLE.m; sourceTree = "<group>"; };
		66EDE7521A6A493C001519FF /* BLEDefines.h */ = {isa = PBXFileReference; lastKnownFileType = sourcecode.c.h; path = BLEDefines.h; sourceTree = "<group>"; };
		66EDE7851A6A886D001519FF /* CDDiagnosisViewController.h */ = {isa = PBXFileReference; fileEncoding = 4; lastKnownFileType = sourcecode.c.h; path = CDDiagnosisViewController.h; sourceTree = "<group>"; };
		66EDE7861A6A886D001519FF /* CDDiagnosisViewController.m */ = {isa = PBXFileReference; fileEncoding = 4; lastKnownFileType = sourcecode.c.objc; path = CDDiagnosisViewController.m; sourceTree = "<group>"; };
		66EDE78D1A6AE717001519FF /* Accelerate.framework */ = {isa = PBXFileReference; lastKnownFileType = wrapper.framework; name = Accelerate.framework; path = System/Library/Frameworks/Accelerate.framework; sourceTree = SDKROOT; };
		66EDE78F1A6AF1B0001519FF /* SpeechKit.framework */ = {isa = PBXFileReference; lastKnownFileType = wrapper.framework; name = SpeechKit.framework; path = ../../../../Downloads/DragonMobileSDK_1.4.12/SpeechKit.framework; sourceTree = "<group>"; };
		66EDE7911A6AF20F001519FF /* AVFoundation.framework */ = {isa = PBXFileReference; lastKnownFileType = wrapper.framework; name = AVFoundation.framework; path = System/Library/Frameworks/AVFoundation.framework; sourceTree = SDKROOT; };
		66EDE7931A6B0B1E001519FF /* earcon_cancel.wav */ = {isa = PBXFileReference; lastKnownFileType = audio.wav; name = earcon_cancel.wav; path = ../../../../../Downloads/DragonMobileSDK_1.4.12/DragonMobileRecognizer/earcon_cancel.wav; sourceTree = "<group>"; };
		66EDE7941A6B0B1E001519FF /* earcon_done_listening.wav */ = {isa = PBXFileReference; lastKnownFileType = audio.wav; name = earcon_done_listening.wav; path = ../../../../../Downloads/DragonMobileSDK_1.4.12/DragonMobileRecognizer/earcon_done_listening.wav; sourceTree = "<group>"; };
		66EDE7951A6B0B1E001519FF /* earcon_listening.wav */ = {isa = PBXFileReference; lastKnownFileType = audio.wav; name = earcon_listening.wav; path = ../../../../../Downloads/DragonMobileSDK_1.4.12/DragonMobileRecognizer/earcon_listening.wav; sourceTree = "<group>"; };
		66EDE7991A6B12CE001519FF /* DeliveryOperationController.h */ = {isa = PBXFileReference; fileEncoding = 4; lastKnownFileType = sourcecode.c.h; path = DeliveryOperationController.h; sourceTree = "<group>"; };
		66EDE79A1A6B12CE001519FF /* DeliveryOperationController.m */ = {isa = PBXFileReference; fileEncoding = 4; lastKnownFileType = sourcecode.c.objc; path = DeliveryOperationController.m; sourceTree = "<group>"; };
		8DABAFEBEEA633B1DB6A5725 /* Pods-clouddoctorapp.release.xcconfig */ = {isa = PBXFileReference; includeInIndex = 1; lastKnownFileType = text.xcconfig; name = "Pods-clouddoctorapp.release.xcconfig"; path = "Pods/Target Support Files/Pods-clouddoctorapp/Pods-clouddoctorapp.release.xcconfig"; sourceTree = "<group>"; };
		CB57A61504F2989588D77FB5 /* Pods-clouddoctorapp.debug.xcconfig */ = {isa = PBXFileReference; includeInIndex = 1; lastKnownFileType = text.xcconfig; name = "Pods-clouddoctorapp.debug.xcconfig"; path = "Pods/Target Support Files/Pods-clouddoctorapp/Pods-clouddoctorapp.debug.xcconfig"; sourceTree = "<group>"; };
/* End PBXFileReference section */

/* Begin PBXFrameworksBuildPhase section */
		6623FCE61A6959E7009FBB8E /* Frameworks */ = {
			isa = PBXFrameworksBuildPhase;
			buildActionMask = 2147483647;
			files = (
				66EDE7921A6AF20F001519FF /* AVFoundation.framework in Frameworks */,
				66EDE7901A6AF1B0001519FF /* SpeechKit.framework in Frameworks */,
				66EDE78E1A6AE717001519FF /* Accelerate.framework in Frameworks */,
				66EDE7451A6A299C001519FF /* UIKit.framework in Frameworks */,
				66EDE7431A6A298E001519FF /* Foundation.framework in Frameworks */,
				66EDE7411A6A2988001519FF /* CoreGraphics.framework in Frameworks */,
				66EDE73D1A69F8C5001519FF /* QuartzCore.framework in Frameworks */,
				66EDE73B1A69F8C0001519FF /* CoreBluetooth.framework in Frameworks */,
				A227E8B14577ECDB9FAF0E80 /* libPods-clouddoctorapp.a in Frameworks */,
			);
			runOnlyForDeploymentPostprocessing = 0;
		};
		6623FCFF1A6959E8009FBB8E /* Frameworks */ = {
			isa = PBXFrameworksBuildPhase;
			buildActionMask = 2147483647;
			files = (
			);
			runOnlyForDeploymentPostprocessing = 0;
		};
/* End PBXFrameworksBuildPhase section */

/* Begin PBXGroup section */
		3FD303BE48784EC37E90B05C /* Frameworks */ = {
			isa = PBXGroup;
			children = (
				66EDE7911A6AF20F001519FF /* AVFoundation.framework */,
				66EDE78F1A6AF1B0001519FF /* SpeechKit.framework */,
				66EDE78D1A6AE717001519FF /* Accelerate.framework */,
				66EDE7441A6A299C001519FF /* UIKit.framework */,
				66EDE7421A6A298E001519FF /* Foundation.framework */,
				66EDE7401A6A2988001519FF /* CoreGraphics.framework */,
				66EDE73C1A69F8C5001519FF /* QuartzCore.framework */,
				66EDE73A1A69F8C0001519FF /* CoreBluetooth.framework */,
				46A119943669CF35F3E18000 /* libPods-clouddoctorapp.a */,
			);
			name = Frameworks;
			sourceTree = "<group>";
		};
		6623FCE01A6959E7009FBB8E = {
			isa = PBXGroup;
			children = (
				6623FCEB1A6959E7009FBB8E /* clouddoctorapp */,
				6623FD051A6959E8009FBB8E /* clouddoctorappTests */,
				6623FCEA1A6959E7009FBB8E /* Products */,
				B24BA671CC718EDDC5B261BB /* Pods */,
				3FD303BE48784EC37E90B05C /* Frameworks */,
			);
			sourceTree = "<group>";
		};
		6623FCEA1A6959E7009FBB8E /* Products */ = {
			isa = PBXGroup;
			children = (
				6623FCE91A6959E7009FBB8E /* clouddoctorapp.app */,
				6623FD021A6959E8009FBB8E /* clouddoctorappTests.xctest */,
			);
			name = Products;
			sourceTree = "<group>";
		};
		6623FCEB1A6959E7009FBB8E /* clouddoctorapp */ = {
			isa = PBXGroup;
			children = (
				66EDE73F1A69FBED001519FF /* OperationControllers */,
				66EDE7381A69F503001519FF /* ViewControllers */,
				66EDE74E1A6A48E2001519FF /* Util */,
				6623FCF01A6959E7009FBB8E /* AppDelegate.h */,
				6623FCF11A6959E7009FBB8E /* AppDelegate.m */,
				6623FCF61A6959E7009FBB8E /* Main.storyboard */,
				6623FCF91A6959E7009FBB8E /* Images.xcassets */,
				6623FCEC1A6959E7009FBB8E /* Supporting Files */,
			);
			path = clouddoctorapp;
			sourceTree = "<group>";
		};
		6623FCEC1A6959E7009FBB8E /* Supporting Files */ = {
			isa = PBXGroup;
			children = (
				66EDE7931A6B0B1E001519FF /* earcon_cancel.wav */,
				66EDE7941A6B0B1E001519FF /* earcon_done_listening.wav */,
				66EDE7951A6B0B1E001519FF /* earcon_listening.wav */,
				6623FCED1A6959E7009FBB8E /* Info.plist */,
				6623FCEE1A6959E7009FBB8E /* main.m */,
			);
			name = "Supporting Files";
			sourceTree = "<group>";
		};
		6623FD051A6959E8009FBB8E /* clouddoctorappTests */ = {
			isa = PBXGroup;
			children = (
				6623FD081A6959E8009FBB8E /* clouddoctorappTests.m */,
				6623FD061A6959E8009FBB8E /* Supporting Files */,
			);
			path = clouddoctorappTests;
			sourceTree = "<group>";
		};
		6623FD061A6959E8009FBB8E /* Supporting Files */ = {
			isa = PBXGroup;
			children = (
				6623FD071A6959E8009FBB8E /* Info.plist */,
			);
			name = "Supporting Files";
			sourceTree = "<group>";
		};
		66EDE7381A69F503001519FF /* ViewControllers */ = {
			isa = PBXGroup;
			children = (
				6623FCF31A6959E7009FBB8E /* CDMainViewController.h */,
				6623FCF41A6959E7009FBB8E /* CDMainViewController.m */,
				66EDE7461A6A3625001519FF /* CDMainViewController+Animations.h */,
				66EDE7471A6A3625001519FF /* CDMainViewController+Animations.m */,
				66EDE7851A6A886D001519FF /* CDDiagnosisViewController.h */,
				66EDE7861A6A886D001519FF /* CDDiagnosisViewController.m */,
			);
			name = ViewControllers;
			sourceTree = "<group>";
		};
		66EDE73F1A69FBED001519FF /* OperationControllers */ = {
			isa = PBXGroup;
			children = (
				66EDE7491A6A36CC001519FF /* SensorOperationController.h */,
				66EDE74A1A6A36CC001519FF /* SensorOperationController.m */,
				66EDE7991A6B12CE001519FF /* DeliveryOperationController.h */,
				66EDE79A1A6B12CE001519FF /* DeliveryOperationController.m */,
			);
			name = OperationControllers;
			sourceTree = "<group>";
		};
		66EDE74E1A6A48E2001519FF /* Util */ = {
			isa = PBXGroup;
			children = (
				66EDE74F1A6A490A001519FF /* BLE.h */,
				66EDE7501A6A490A001519FF /* BLE.m */,
				66EDE7521A6A493C001519FF /* BLEDefines.h */,
			);
			name = Util;
			sourceTree = "<group>";
		};
		B24BA671CC718EDDC5B261BB /* Pods */ = {
			isa = PBXGroup;
			children = (
				CB57A61504F2989588D77FB5 /* Pods-clouddoctorapp.debug.xcconfig */,
				8DABAFEBEEA633B1DB6A5725 /* Pods-clouddoctorapp.release.xcconfig */,
			);
			name = Pods;
			sourceTree = "<group>";
		};
/* End PBXGroup section */

/* Begin PBXNativeTarget section */
		6623FCE81A6959E7009FBB8E /* clouddoctorapp */ = {
			isa = PBXNativeTarget;
			buildConfigurationList = 6623FD0C1A6959E8009FBB8E /* Build configuration list for PBXNativeTarget "clouddoctorapp" */;
			buildPhases = (
				50A831B0B4FC1B40FBC5E15C /* Check Pods Manifest.lock */,
				6623FCE51A6959E7009FBB8E /* Sources */,
				6623FCE61A6959E7009FBB8E /* Frameworks */,
				6623FCE71A6959E7009FBB8E /* Resources */,
				A8E08C631E26922AFF161F92 /* Copy Pods Resources */,
			);
			buildRules = (
			);
			dependencies = (
			);
			name = clouddoctorapp;
			productName = clouddoctorapp;
			productReference = 6623FCE91A6959E7009FBB8E /* clouddoctorapp.app */;
			productType = "com.apple.product-type.application";
		};
		6623FD011A6959E8009FBB8E /* clouddoctorappTests */ = {
			isa = PBXNativeTarget;
			buildConfigurationList = 6623FD0F1A6959E8009FBB8E /* Build configuration list for PBXNativeTarget "clouddoctorappTests" */;
			buildPhases = (
				6623FCFE1A6959E8009FBB8E /* Sources */,
				6623FCFF1A6959E8009FBB8E /* Frameworks */,
				6623FD001A6959E8009FBB8E /* Resources */,
			);
			buildRules = (
			);
			dependencies = (
				6623FD041A6959E8009FBB8E /* PBXTargetDependency */,
			);
			name = clouddoctorappTests;
			productName = clouddoctorappTests;
			productReference = 6623FD021A6959E8009FBB8E /* clouddoctorappTests.xctest */;
			productType = "com.apple.product-type.bundle.unit-test";
		};
/* End PBXNativeTarget section */

/* Begin PBXProject section */
		6623FCE11A6959E7009FBB8E /* Project object */ = {
			isa = PBXProject;
			attributes = {
				LastUpgradeCheck = 0610;
				ORGANIZATIONNAME = "Cloud Doctor";
				TargetAttributes = {
					6623FCE81A6959E7009FBB8E = {
						CreatedOnToolsVersion = 6.1.1;
						DevelopmentTeam = 9NG7RCGH6A;
					};
					6623FD011A6959E8009FBB8E = {
						CreatedOnToolsVersion = 6.1.1;
						TestTargetID = 6623FCE81A6959E7009FBB8E;
					};
				};
			};
			buildConfigurationList = 6623FCE41A6959E7009FBB8E /* Build configuration list for PBXProject "clouddoctorapp" */;
			compatibilityVersion = "Xcode 3.2";
			developmentRegion = English;
			hasScannedForEncodings = 0;
			knownRegions = (
				en,
				Base,
			);
			mainGroup = 6623FCE01A6959E7009FBB8E;
			productRefGroup = 6623FCEA1A6959E7009FBB8E /* Products */;
			projectDirPath = "";
			projectRoot = "";
			targets = (
				6623FCE81A6959E7009FBB8E /* clouddoctorapp */,
				6623FD011A6959E8009FBB8E /* clouddoctorappTests */,
			);
		};
/* End PBXProject section */

/* Begin PBXResourcesBuildPhase section */
		6623FCE71A6959E7009FBB8E /* Resources */ = {
			isa = PBXResourcesBuildPhase;
			buildActionMask = 2147483647;
			files = (
				66EDE7961A6B0B1E001519FF /* earcon_cancel.wav in Resources */,
				6623FCF81A6959E7009FBB8E /* Main.storyboard in Resources */,
				66EDE7981A6B0B1E001519FF /* earcon_listening.wav in Resources */,
				66EDE7971A6B0B1E001519FF /* earcon_done_listening.wav in Resources */,
				6623FCFA1A6959E7009FBB8E /* Images.xcassets in Resources */,
			);
			runOnlyForDeploymentPostprocessing = 0;
		};
		6623FD001A6959E8009FBB8E /* Resources */ = {
			isa = PBXResourcesBuildPhase;
			buildActionMask = 2147483647;
			files = (
			);
			runOnlyForDeploymentPostprocessing = 0;
		};
/* End PBXResourcesBuildPhase section */

/* Begin PBXShellScriptBuildPhase section */
		50A831B0B4FC1B40FBC5E15C /* Check Pods Manifest.lock */ = {
			isa = PBXShellScriptBuildPhase;
			buildActionMask = 2147483647;
			files = (
			);
			inputPaths = (
			);
			name = "Check Pods Manifest.lock";
			outputPaths = (
			);
			runOnlyForDeploymentPostprocessing = 0;
			shellPath = /bin/sh;
			shellScript = "diff \"${PODS_ROOT}/../Podfile.lock\" \"${PODS_ROOT}/Manifest.lock\" > /dev/null\nif [[ $? != 0 ]] ; then\n    cat << EOM\nerror: The sandbox is not in sync with the Podfile.lock. Run 'pod install' or update your CocoaPods installation.\nEOM\n    exit 1\nfi\n";
			showEnvVarsInLog = 0;
		};
		A8E08C631E26922AFF161F92 /* Copy Pods Resources */ = {
			isa = PBXShellScriptBuildPhase;
			buildActionMask = 2147483647;
			files = (
			);
			inputPaths = (
			);
			name = "Copy Pods Resources";
			outputPaths = (
			);
			runOnlyForDeploymentPostprocessing = 0;
			shellPath = /bin/sh;
			shellScript = "\"${SRCROOT}/Pods/Target Support Files/Pods-clouddoctorapp/Pods-clouddoctorapp-resources.sh\"\n";
			showEnvVarsInLog = 0;
		};
/* End PBXShellScriptBuildPhase section */

/* Begin PBXSourcesBuildPhase section */
		6623FCE51A6959E7009FBB8E /* Sources */ = {
			isa = PBXSourcesBuildPhase;
			buildActionMask = 2147483647;
			files = (
				6623FCF51A6959E7009FBB8E /* CDMainViewController.m in Sources */,
				66EDE79B1A6B12CE001519FF /* DeliveryOperationController.m in Sources */,
				6623FCF21A6959E7009FBB8E /* AppDelegate.m in Sources */,
				66EDE7871A6A886D001519FF /* CDDiagnosisViewController.m in Sources */,
				6623FCEF1A6959E7009FBB8E /* main.m in Sources */,
				66EDE7511A6A490A001519FF /* BLE.m in Sources */,
				66EDE74B1A6A36CC001519FF /* SensorOperationController.m in Sources */,
				66EDE7481A6A3625001519FF /* CDMainViewController+Animations.m in Sources */,
			);
			runOnlyForDeploymentPostprocessing = 0;
		};
		6623FCFE1A6959E8009FBB8E /* Sources */ = {
			isa = PBXSourcesBuildPhase;
			buildActionMask = 2147483647;
			files = (
				6623FD091A6959E8009FBB8E /* clouddoctorappTests.m in Sources */,
			);
			runOnlyForDeploymentPostprocessing = 0;
		};
/* End PBXSourcesBuildPhase section */

/* Begin PBXTargetDependency section */
		6623FD041A6959E8009FBB8E /* PBXTargetDependency */ = {
			isa = PBXTargetDependency;
			target = 6623FCE81A6959E7009FBB8E /* clouddoctorapp */;
			targetProxy = 6623FD031A6959E8009FBB8E /* PBXContainerItemProxy */;
		};
/* End PBXTargetDependency section */

/* Begin PBXVariantGroup section */
		6623FCF61A6959E7009FBB8E /* Main.storyboard */ = {
			isa = PBXVariantGroup;
			children = (
				6623FCF71A6959E7009FBB8E /* Base */,
			);
			name = Main.storyboard;
			sourceTree = "<group>";
		};
/* End PBXVariantGroup section */

/* Begin XCBuildConfiguration section */
		6623FD0A1A6959E8009FBB8E /* Debug */ = {
			isa = XCBuildConfiguration;
			buildSettings = {
				ALWAYS_SEARCH_USER_PATHS = NO;
				CLANG_CXX_LANGUAGE_STANDARD = "gnu++0x";
				CLANG_CXX_LIBRARY = "libc++";
				CLANG_ENABLE_MODULES = YES;
				CLANG_ENABLE_OBJC_ARC = YES;
				CLANG_WARN_BOOL_CONVERSION = YES;
				CLANG_WARN_CONSTANT_CONVERSION = YES;
				CLANG_WARN_DIRECT_OBJC_ISA_USAGE = YES_ERROR;
				CLANG_WARN_EMPTY_BODY = YES;
				CLANG_WARN_ENUM_CONVERSION = YES;
				CLANG_WARN_INT_CONVERSION = YES;
				CLANG_WARN_OBJC_ROOT_CLASS = YES_ERROR;
				CLANG_WARN_UNREACHABLE_CODE = YES;
				CLANG_WARN__DUPLICATE_METHOD_MATCH = YES;
				"CODE_SIGN_IDENTITY[sdk=iphoneos*]" = "iPhone Developer";
				COPY_PHASE_STRIP = NO;
				ENABLE_STRICT_OBJC_MSGSEND = YES;
				GCC_C_LANGUAGE_STANDARD = gnu99;
				GCC_DYNAMIC_NO_PIC = NO;
				GCC_OPTIMIZATION_LEVEL = 0;
				GCC_PREPROCESSOR_DEFINITIONS = (
					"DEBUG=1",
					"$(inherited)",
				);
				GCC_SYMBOLS_PRIVATE_EXTERN = NO;
				GCC_WARN_64_TO_32_BIT_CONVERSION = YES;
				GCC_WARN_ABOUT_RETURN_TYPE = YES_ERROR;
				GCC_WARN_UNDECLARED_SELECTOR = YES;
				GCC_WARN_UNINITIALIZED_AUTOS = YES_AGGRESSIVE;
				GCC_WARN_UNUSED_FUNCTION = YES;
				GCC_WARN_UNUSED_VARIABLE = YES;
				IPHONEOS_DEPLOYMENT_TARGET = 8.1;
				MTL_ENABLE_DEBUG_INFO = YES;
				ONLY_ACTIVE_ARCH = YES;
				SDKROOT = iphoneos;
			};
			name = Debug;
		};
		6623FD0B1A6959E8009FBB8E /* Release */ = {
			isa = XCBuildConfiguration;
			buildSettings = {
				ALWAYS_SEARCH_USER_PATHS = NO;
				CLANG_CXX_LANGUAGE_STANDARD = "gnu++0x";
				CLANG_CXX_LIBRARY = "libc++";
				CLANG_ENABLE_MODULES = YES;
				CLANG_ENABLE_OBJC_ARC = YES;
				CLANG_WARN_BOOL_CONVERSION = YES;
				CLANG_WARN_CONSTANT_CONVERSION = YES;
				CLANG_WARN_DIRECT_OBJC_ISA_USAGE = YES_ERROR;
				CLANG_WARN_EMPTY_BODY = YES;
				CLANG_WARN_ENUM_CONVERSION = YES;
				CLANG_WARN_INT_CONVERSION = YES;
				CLANG_WARN_OBJC_ROOT_CLASS = YES_ERROR;
				CLANG_WARN_UNREACHABLE_CODE = YES;
				CLANG_WARN__DUPLICATE_METHOD_MATCH = YES;
				"CODE_SIGN_IDENTITY[sdk=iphoneos*]" = "iPhone Developer";
				COPY_PHASE_STRIP = YES;
				ENABLE_NS_ASSERTIONS = NO;
				ENABLE_STRICT_OBJC_MSGSEND = YES;
				GCC_C_LANGUAGE_STANDARD = gnu99;
				GCC_WARN_64_TO_32_BIT_CONVERSION = YES;
				GCC_WARN_ABOUT_RETURN_TYPE = YES_ERROR;
				GCC_WARN_UNDECLARED_SELECTOR = YES;
				GCC_WARN_UNINITIALIZED_AUTOS = YES_AGGRESSIVE;
				GCC_WARN_UNUSED_FUNCTION = YES;
				GCC_WARN_UNUSED_VARIABLE = YES;
				IPHONEOS_DEPLOYMENT_TARGET = 8.1;
				MTL_ENABLE_DEBUG_INFO = NO;
				SDKROOT = iphoneos;
				VALIDATE_PRODUCT = YES;
			};
			name = Release;
		};
		6623FD0D1A6959E8009FBB8E /* Debug */ = {
			isa = XCBuildConfiguration;
			baseConfigurationReference = CB57A61504F2989588D77FB5 /* Pods-clouddoctorapp.debug.xcconfig */;
			buildSettings = {
				ASSETCATALOG_COMPILER_APPICON_NAME = AppIcon;
				ASSETCATALOG_COMPILER_LAUNCHIMAGE_NAME = LaunchImage;
				CODE_SIGN_IDENTITY = "iPhone Developer: Hyungsuk Kim (NAJWHB53FK)";
				FRAMEWORK_SEARCH_PATHS = (
					"$(inherited)",
					"$(PROJECT_DIR)",
					/Users/pkayfire/Downloads/DragonMobileSDK_1.4.12,
				);
				INFOPLIST_FILE = clouddoctorapp/Info.plist;
				LD_RUNPATH_SEARCH_PATHS = "$(inherited) @executable_path/Frameworks";
				PRODUCT_NAME = "$(TARGET_NAME)";
			};
			name = Debug;
		};
		6623FD0E1A6959E8009FBB8E /* Release */ = {
			isa = XCBuildConfiguration;
			baseConfigurationReference = 8DABAFEBEEA633B1DB6A5725 /* Pods-clouddoctorapp.release.xcconfig */;
			buildSettings = {
				ASSETCATALOG_COMPILER_APPICON_NAME = AppIcon;
				ASSETCATALOG_COMPILER_LAUNCHIMAGE_NAME = LaunchImage;
				CODE_SIGN_IDENTITY = "iPhone Developer: Hyungsuk Kim (NAJWHB53FK)";
				FRAMEWORK_SEARCH_PATHS = (
					"$(inherited)",
					"$(PROJECT_DIR)",
					/Users/pkayfire/Downloads/DragonMobileSDK_1.4.12,
				);
				INFOPLIST_FILE = clouddoctorapp/Info.plist;
				LD_RUNPATH_SEARCH_PATHS = "$(inherited) @executable_path/Frameworks";
				PRODUCT_NAME = "$(TARGET_NAME)";
			};
			name = Release;
		};
		6623FD101A6959E8009FBB8E /* Debug */ = {
			isa = XCBuildConfiguration;
			buildSettings = {
				BUNDLE_LOADER = "$(TEST_HOST)";
				FRAMEWORK_SEARCH_PATHS = (
					"$(SDKROOT)/Developer/Library/Frameworks",
					"$(inherited)",
				);
				GCC_PREPROCESSOR_DEFINITIONS = (
					"DEBUG=1",
					"$(inherited)",
				);
				INFOPLIST_FILE = clouddoctorappTests/Info.plist;
				LD_RUNPATH_SEARCH_PATHS = "$(inherited) @executable_path/Frameworks @loader_path/Frameworks";
				PRODUCT_NAME = "$(TARGET_NAME)";
				TEST_HOST = "$(BUILT_PRODUCTS_DIR)/clouddoctorapp.app/clouddoctorapp";
			};
			name = Debug;
		};
		6623FD111A6959E8009FBB8E /* Release */ = {
			isa = XCBuildConfiguration;
			buildSettings = {
				BUNDLE_LOADER = "$(TEST_HOST)";
				FRAMEWORK_SEARCH_PATHS = (
					"$(SDKROOT)/Developer/Library/Frameworks",
					"$(inherited)",
				);
				INFOPLIST_FILE = clouddoctorappTests/Info.plist;
				LD_RUNPATH_SEARCH_PATHS = "$(inherited) @executable_path/Frameworks @loader_path/Frameworks";
				PRODUCT_NAME = "$(TARGET_NAME)";
				TEST_HOST = "$(BUILT_PRODUCTS_DIR)/clouddoctorapp.app/clouddoctorapp";
			};
			name = Release;
		};
/* End XCBuildConfiguration section */

/* Begin XCConfigurationList section */
		6623FCE41A6959E7009FBB8E /* Build configuration list for PBXProject "clouddoctorapp" */ = {
			isa = XCConfigurationList;
			buildConfigurations = (
				6623FD0A1A6959E8009FBB8E /* Debug */,
				6623FD0B1A6959E8009FBB8E /* Release */,
			);
			defaultConfigurationIsVisible = 0;
			defaultConfigurationName = Release;
		};
		6623FD0C1A6959E8009FBB8E /* Build configuration list for PBXNativeTarget "clouddoctorapp" */ = {
			isa = XCConfigurationList;
			buildConfigurations = (
				6623FD0D1A6959E8009FBB8E /* Debug */,
				6623FD0E1A6959E8009FBB8E /* Release */,
			);
			defaultConfigurationIsVisible = 0;
			defaultConfigurationName = Release;
		};
		6623FD0F1A6959E8009FBB8E /* Build configuration list for PBXNativeTarget "clouddoctorappTests" */ = {
			isa = XCConfigurationList;
			buildConfigurations = (
				6623FD101A6959E8009FBB8E /* Debug */,
				6623FD111A6959E8009FBB8E /* Release */,
			);
			defaultConfigurationIsVisible = 0;
			defaultConfigurationName = Release;
		};
/* End XCConfigurationList section */
	};
	rootObject = 6623FCE11A6959E7009FBB8E /* Project object */;
}
